// !$*UTF8*$!
{
	archiveVersion = 1;
	classes = {
	};
	objectVersion = 56;
	objects = {

/* Begin PBXBuildFile section */
		7F36D63B291BD08200D8A4AD /* TabBarViewController.swift in Sources */ = {isa = PBXBuildFile; fileRef = 7F36D63A291BD08200D8A4AD /* TabBarViewController.swift */; };
		7FBE74A52915453000F509A5 /* AppDelegate.swift in Sources */ = {isa = PBXBuildFile; fileRef = 7FBE74A42915453000F509A5 /* AppDelegate.swift */; };
		7FBE74A72915453000F509A5 /* SceneDelegate.swift in Sources */ = {isa = PBXBuildFile; fileRef = 7FBE74A62915453000F509A5 /* SceneDelegate.swift */; };
		7FBE74A92915453000F509A5 /* LoginViewController.swift in Sources */ = {isa = PBXBuildFile; fileRef = 7FBE74A82915453000F509A5 /* LoginViewController.swift */; };
		7FBE74AC2915453000F509A5 /* Main.storyboard in Resources */ = {isa = PBXBuildFile; fileRef = 7FBE74AA2915453000F509A5 /* Main.storyboard */; };
		7FBE74AE2915453200F509A5 /* Assets.xcassets in Resources */ = {isa = PBXBuildFile; fileRef = 7FBE74AD2915453200F509A5 /* Assets.xcassets */; };
		7FBE74B12915453200F509A5 /* LaunchScreen.storyboard in Resources */ = {isa = PBXBuildFile; fileRef = 7FBE74AF2915453200F509A5 /* LaunchScreen.storyboard */; };
		7FBE74BD29155EED00F509A5 /* HelloUserViewController.swift in Sources */ = {isa = PBXBuildFile; fileRef = 7FBE74BC29155EED00F509A5 /* HelloUserViewController.swift */; };
		7FBE7510291AC31700F509A5 /* UserInfoViewController.swift in Sources */ = {isa = PBXBuildFile; fileRef = 7FBE750F291AC31700F509A5 /* UserInfoViewController.swift */; };
		7FBE7512291AC32E00F509A5 /* UserInfoBioViewController.swift in Sources */ = {isa = PBXBuildFile; fileRef = 7FBE7511291AC32E00F509A5 /* UserInfoBioViewController.swift */; };
		7FBE7514291AD8CF00F509A5 /* User.swift in Sources */ = {isa = PBXBuildFile; fileRef = 7FBE7513291AD8CF00F509A5 /* User.swift */; };
/* End PBXBuildFile section */

/* Begin PBXFileReference section */
		7F36D63A291BD08200D8A4AD /* TabBarViewController.swift */ = {isa = PBXFileReference; lastKnownFileType = sourcecode.swift; path = TabBarViewController.swift; sourceTree = "<group>"; };
		7FBE74A12915453000F509A5 /* LoginApp.app */ = {isa = PBXFileReference; explicitFileType = wrapper.application; includeInIndex = 0; path = LoginApp.app; sourceTree = BUILT_PRODUCTS_DIR; };
		7FBE74A42915453000F509A5 /* AppDelegate.swift */ = {isa = PBXFileReference; lastKnownFileType = sourcecode.swift; path = AppDelegate.swift; sourceTree = "<group>"; };
		7FBE74A62915453000F509A5 /* SceneDelegate.swift */ = {isa = PBXFileReference; lastKnownFileType = sourcecode.swift; path = SceneDelegate.swift; sourceTree = "<group>"; };
		7FBE74A82915453000F509A5 /* LoginViewController.swift */ = {isa = PBXFileReference; lastKnownFileType = sourcecode.swift; path = LoginViewController.swift; sourceTree = "<group>"; };
		7FBE74AB2915453000F509A5 /* Base */ = {isa = PBXFileReference; lastKnownFileType = file.storyboard; name = Base; path = Base.lproj/Main.storyboard; sourceTree = "<group>"; };
		7FBE74AD2915453200F509A5 /* Assets.xcassets */ = {isa = PBXFileReference; lastKnownFileType = folder.assetcatalog; path = Assets.xcassets; sourceTree = "<group>"; };
		7FBE74B02915453200F509A5 /* Base */ = {isa = PBXFileReference; lastKnownFileType = file.storyboard; name = Base; path = Base.lproj/LaunchScreen.storyboard; sourceTree = "<group>"; };
		7FBE74B22915453200F509A5 /* Info.plist */ = {isa = PBXFileReference; lastKnownFileType = text.plist.xml; path = Info.plist; sourceTree = "<group>"; };
		7FBE74BC29155EED00F509A5 /* HelloUserViewController.swift */ = {isa = PBXFileReference; lastKnownFileType = sourcecode.swift; path = HelloUserViewController.swift; sourceTree = "<group>"; };
		7FBE750F291AC31700F509A5 /* UserInfoViewController.swift */ = {isa = PBXFileReference; lastKnownFileType = sourcecode.swift; path = UserInfoViewController.swift; sourceTree = "<group>"; };
		7FBE7511291AC32E00F509A5 /* UserInfoBioViewController.swift */ = {isa = PBXFileReference; lastKnownFileType = sourcecode.swift; path = UserInfoBioViewController.swift; sourceTree = "<group>"; };
		7FBE7513291AD8CF00F509A5 /* User.swift */ = {isa = PBXFileReference; lastKnownFileType = sourcecode.swift; path = User.swift; sourceTree = "<group>"; };
/* End PBXFileReference section */

/* Begin PBXFrameworksBuildPhase section */
		7FBE749E2915453000F509A5 /* Frameworks */ = {
			isa = PBXFrameworksBuildPhase;
			buildActionMask = 2147483647;
			files = (
			);
			runOnlyForDeploymentPostprocessing = 0;
		};
/* End PBXFrameworksBuildPhase section */

/* Begin PBXGroup section */
		7FBE74982915453000F509A5 = {
			isa = PBXGroup;
			children = (
				7FBE74A32915453000F509A5 /* LoginApp */,
				7FBE74A22915453000F509A5 /* Products */,
			);
			sourceTree = "<group>";
		};
		7FBE74A22915453000F509A5 /* Products */ = {
			isa = PBXGroup;
			children = (
				7FBE74A12915453000F509A5 /* LoginApp.app */,
			);
			name = Products;
			sourceTree = "<group>";
		};
		7FBE74A32915453000F509A5 /* LoginApp */ = {
			isa = PBXGroup;
			children = (
				7FBE7515291AD93B00F509A5 /* App */,
				7FBE7516291AD95700F509A5 /* ViewControllers */,
				7FBE7518291AD9AB00F509A5 /* Models */,
				7FBE7517291AD99400F509A5 /* StoryBoards */,
				7FBE7519291AD9C600F509A5 /* Resources */,
			);
			path = LoginApp;
			sourceTree = "<group>";
		};
		7FBE7515291AD93B00F509A5 /* App */ = {
			isa = PBXGroup;
			children = (
				7FBE74B22915453200F509A5 /* Info.plist */,
				7FBE74A42915453000F509A5 /* AppDelegate.swift */,
				7FBE74A62915453000F509A5 /* SceneDelegate.swift */,
			);
			path = App;
			sourceTree = "<group>";
		};
		7FBE7516291AD95700F509A5 /* ViewControllers */ = {
			isa = PBXGroup;
			children = (
				7FBE74A82915453000F509A5 /* LoginViewController.swift */,
				7FBE74BC29155EED00F509A5 /* HelloUserViewController.swift */,
				7FBE750F291AC31700F509A5 /* UserInfoViewController.swift */,
				7FBE7511291AC32E00F509A5 /* UserInfoBioViewController.swift */,
				7F36D63A291BD08200D8A4AD /* TabBarViewController.swift */,
			);
			path = ViewControllers;
			sourceTree = "<group>";
		};
		7FBE7517291AD99400F509A5 /* StoryBoards */ = {
			isa = PBXGroup;
			children = (
				7FBE74AA2915453000F509A5 /* Main.storyboard */,
				7FBE74AF2915453200F509A5 /* LaunchScreen.storyboard */,
			);
			path = StoryBoards;
			sourceTree = "<group>";
		};
		7FBE7518291AD9AB00F509A5 /* Models */ = {
			isa = PBXGroup;
			children = (
				7FBE7513291AD8CF00F509A5 /* User.swift */,
			);
			path = Models;
			sourceTree = "<group>";
		};
		7FBE7519291AD9C600F509A5 /* Resources */ = {
			isa = PBXGroup;
			children = (
				7FBE74AD2915453200F509A5 /* Assets.xcassets */,
			);
			path = Resources;
			sourceTree = "<group>";
		};
/* End PBXGroup section */

/* Begin PBXNativeTarget section */
		7FBE74A02915453000F509A5 /* LoginApp */ = {
			isa = PBXNativeTarget;
			buildConfigurationList = 7FBE74B52915453200F509A5 /* Build configuration list for PBXNativeTarget "LoginApp" */;
			buildPhases = (
				7FBE749D2915453000F509A5 /* Sources */,
				7FBE749E2915453000F509A5 /* Frameworks */,
				7FBE749F2915453000F509A5 /* Resources */,
			);
			buildRules = (
			);
			dependencies = (
			);
			name = LoginApp;
			productName = LoginApp;
			productReference = 7FBE74A12915453000F509A5 /* LoginApp.app */;
			productType = "com.apple.product-type.application";
		};
/* End PBXNativeTarget section */

/* Begin PBXProject section */
		7FBE74992915453000F509A5 /* Project object */ = {
			isa = PBXProject;
			attributes = {
				BuildIndependentTargetsInParallel = 1;
				LastSwiftUpdateCheck = 1410;
				LastUpgradeCheck = 1410;
				TargetAttributes = {
					7FBE74A02915453000F509A5 = {
						CreatedOnToolsVersion = 14.1;
					};
				};
			};
			buildConfigurationList = 7FBE749C2915453000F509A5 /* Build configuration list for PBXProject "LoginApp" */;
			compatibilityVersion = "Xcode 14.0";
			developmentRegion = en;
			hasScannedForEncodings = 0;
			knownRegions = (
				en,
				Base,
			);
			mainGroup = 7FBE74982915453000F509A5;
			productRefGroup = 7FBE74A22915453000F509A5 /* Products */;
			projectDirPath = "";
			projectRoot = "";
			targets = (
				7FBE74A02915453000F509A5 /* LoginApp */,
			);
		};
/* End PBXProject section */

/* Begin PBXResourcesBuildPhase section */
		7FBE749F2915453000F509A5 /* Resources */ = {
			isa = PBXResourcesBuildPhase;
			buildActionMask = 2147483647;
			files = (
				7FBE74B12915453200F509A5 /* LaunchScreen.storyboard in Resources */,
				7FBE74AE2915453200F509A5 /* Assets.xcassets in Resources */,
				7FBE74AC2915453000F509A5 /* Main.storyboard in Resources */,
			);
			runOnlyForDeploymentPostprocessing = 0;
		};
/* End PBXResourcesBuildPhase section */

/* Begin PBXSourcesBuildPhase section */
		7FBE749D2915453000F509A5 /* Sources */ = {
			isa = PBXSourcesBuildPhase;
			buildActionMask = 2147483647;
			files = (
				7F36D63B291BD08200D8A4AD /* TabBarViewController.swift in Sources */,
				7FBE7512291AC32E00F509A5 /* UserInfoBioViewController.swift in Sources */,
				7FBE7514291AD8CF00F509A5 /* User.swift in Sources */,
				7FBE7510291AC31700F509A5 /* UserInfoViewController.swift in Sources */,
				7FBE74A92915453000F509A5 /* LoginViewController.swift in Sources */,
				7FBE74A52915453000F509A5 /* AppDelegate.swift in Sources */,
				7FBE74BD29155EED00F509A5 /* HelloUserViewController.swift in Sources */,
				7FBE74A72915453000F509A5 /* SceneDelegate.swift in Sources */,
			);
			runOnlyForDeploymentPostprocessing = 0;
		};
/* End PBXSourcesBuildPhase section */

/* Begin PBXVariantGroup section */
		7FBE74AA2915453000F509A5 /* Main.storyboard */ = {
			isa = PBXVariantGroup;
			children = (
				7FBE74AB2915453000F509A5 /* Base */,
			);
			name = Main.storyboard;
			sourceTree = "<group>";
		};
		7FBE74AF2915453200F509A5 /* LaunchScreen.storyboard */ = {
			isa = PBXVariantGroup;
			children = (
				7FBE74B02915453200F509A5 /* Base */,
			);
			name = LaunchScreen.storyboard;
			sourceTree = "<group>";
		};
/* End PBXVariantGroup section */

/* Begin XCBuildConfiguration section */
		7FBE74B32915453200F509A5 /* Debug */ = {
			isa = XCBuildConfiguration;
			buildSettings = {
				ALWAYS_SEARCH_USER_PATHS = NO;
				CLANG_ANALYZER_NONNULL = YES;
				CLANG_ANALYZER_NUMBER_OBJECT_CONVERSION = YES_AGGRESSIVE;
				CLANG_CXX_LANGUAGE_STANDARD = "gnu++20";
				CLANG_ENABLE_MODULES = YES;
				CLANG_ENABLE_OBJC_ARC = YES;
				CLANG_ENABLE_OBJC_WEAK = YES;
				CLANG_WARN_BLOCK_CAPTURE_AUTORELEASING = YES;
				CLANG_WARN_BOOL_CONVERSION = YES;
				CLANG_WARN_COMMA = YES;
				CLANG_WARN_CONSTANT_CONVERSION = YES;
				CLANG_WARN_DEPRECATED_OBJC_IMPLEMENTATIONS = YES;
				CLANG_WARN_DIRECT_OBJC_ISA_USAGE = YES_ERROR;
				CLANG_WARN_DOCUMENTATION_COMMENTS = YES;
				CLANG_WARN_EMPTY_BODY = YES;
				CLANG_WARN_ENUM_CONVERSION = YES;
				CLANG_WARN_INFINITE_RECURSION = YES;
				CLANG_WARN_INT_CONVERSION = YES;
				CLANG_WARN_NON_LITERAL_NULL_CONVERSION = YES;
				CLANG_WARN_OBJC_IMPLICIT_RETAIN_SELF = YES;
				CLANG_WARN_OBJC_LITERAL_CONVERSION = YES;
				CLANG_WARN_OBJC_ROOT_CLASS = YES_ERROR;
				CLANG_WARN_QUOTED_INCLUDE_IN_FRAMEWORK_HEADER = YES;
				CLANG_WARN_RANGE_LOOP_ANALYSIS = YES;
				CLANG_WARN_STRICT_PROTOTYPES = YES;
				CLANG_WARN_SUSPICIOUS_MOVE = YES;
				CLANG_WARN_UNGUARDED_AVAILABILITY = YES_AGGRESSIVE;
				CLANG_WARN_UNREACHABLE_CODE = YES;
				CLANG_WARN__DUPLICATE_METHOD_MATCH = YES;
				COPY_PHASE_STRIP = NO;
				DEBUG_INFORMATION_FORMAT = dwarf;
				ENABLE_STRICT_OBJC_MSGSEND = YES;
				ENABLE_TESTABILITY = YES;
				GCC_C_LANGUAGE_STANDARD = gnu11;
				GCC_DYNAMIC_NO_PIC = NO;
				GCC_NO_COMMON_BLOCKS = YES;
				GCC_OPTIMIZATION_LEVEL = 0;
				GCC_PREPROCESSOR_DEFINITIONS = (
					"DEBUG=1",
					"$(inherited)",
				);
				GCC_WARN_64_TO_32_BIT_CONVERSION = YES;
				GCC_WARN_ABOUT_RETURN_TYPE = YES_ERROR;
				GCC_WARN_UNDECLARED_SELECTOR = YES;
				GCC_WARN_UNINITIALIZED_AUTOS = YES_AGGRESSIVE;
				GCC_WARN_UNUSED_FUNCTION = YES;
				GCC_WARN_UNUSED_VARIABLE = YES;
				IPHONEOS_DEPLOYMENT_TARGET = 16.1;
				MTL_ENABLE_DEBUG_INFO = INCLUDE_SOURCE;
				MTL_FAST_MATH = YES;
				ONLY_ACTIVE_ARCH = YES;
				SDKROOT = iphoneos;
				SWIFT_ACTIVE_COMPILATION_CONDITIONS = DEBUG;
				SWIFT_OPTIMIZATION_LEVEL = "-Onone";
			};
			name = Debug;
		};
		7FBE74B42915453200F509A5 /* Release */ = {
			isa = XCBuildConfiguration;
			buildSettings = {
				ALWAYS_SEARCH_USER_PATHS = NO;
				CLANG_ANALYZER_NONNULL = YES;
				CLANG_ANALYZER_NUMBER_OBJECT_CONVERSION = YES_AGGRESSIVE;
				CLANG_CXX_LANGUAGE_STANDARD = "gnu++20";
				CLANG_ENABLE_MODULES = YES;
				CLANG_ENABLE_OBJC_ARC = YES;
				CLANG_ENABLE_OBJC_WEAK = YES;
				CLANG_WARN_BLOCK_CAPTURE_AUTORELEASING = YES;
				CLANG_WARN_BOOL_CONVERSION = YES;
				CLANG_WARN_COMMA = YES;
				CLANG_WARN_CONSTANT_CONVERSION = YES;
				CLANG_WARN_DEPRECATED_OBJC_IMPLEMENTATIONS = YES;
				CLANG_WARN_DIRECT_OBJC_ISA_USAGE = YES_ERROR;
				CLANG_WARN_DOCUMENTATION_COMMENTS = YES;
				CLANG_WARN_EMPTY_BODY = YES;
				CLANG_WARN_ENUM_CONVERSION = YES;
				CLANG_WARN_INFINITE_RECURSION = YES;
				CLANG_WARN_INT_CONVERSION = YES;
				CLANG_WARN_NON_LITERAL_NULL_CONVERSION = YES;
				CLANG_WARN_OBJC_IMPLICIT_RETAIN_SELF = YES;
				CLANG_WARN_OBJC_LITERAL_CONVERSION = YES;
				CLANG_WARN_OBJC_ROOT_CLASS = YES_ERROR;
				CLANG_WARN_QUOTED_INCLUDE_IN_FRAMEWORK_HEADER = YES;
				CLANG_WARN_RANGE_LOOP_ANALYSIS = YES;
				CLANG_WARN_STRICT_PROTOTYPES = YES;
				CLANG_WARN_SUSPICIOUS_MOVE = YES;
				CLANG_WARN_UNGUARDED_AVAILABILITY = YES_AGGRESSIVE;
				CLANG_WARN_UNREACHABLE_CODE = YES;
				CLANG_WARN__DUPLICATE_METHOD_MATCH = YES;
				COPY_PHASE_STRIP = NO;
				DEBUG_INFORMATION_FORMAT = "dwarf-with-dsym";
				ENABLE_NS_ASSERTIONS = NO;
				ENABLE_STRICT_OBJC_MSGSEND = YES;
				GCC_C_LANGUAGE_STANDARD = gnu11;
				GCC_NO_COMMON_BLOCKS = YES;
				GCC_WARN_64_TO_32_BIT_CONVERSION = YES;
				GCC_WARN_ABOUT_RETURN_TYPE = YES_ERROR;
				GCC_WARN_UNDECLARED_SELECTOR = YES;
				GCC_WARN_UNINITIALIZED_AUTOS = YES_AGGRESSIVE;
				GCC_WARN_UNUSED_FUNCTION = YES;
				GCC_WARN_UNUSED_VARIABLE = YES;
				IPHONEOS_DEPLOYMENT_TARGET = 16.1;
				MTL_ENABLE_DEBUG_INFO = NO;
				MTL_FAST_MATH = YES;
				SDKROOT = iphoneos;
				SWIFT_COMPILATION_MODE = wholemodule;
				SWIFT_OPTIMIZATION_LEVEL = "-O";
				VALIDATE_PRODUCT = YES;
			};
			name = Release;
		};
		7FBE74B62915453200F509A5 /* Debug */ = {
			isa = XCBuildConfiguration;
			buildSettings = {
				ASSETCATALOG_COMPILER_APPICON_NAME = AppIcon;
				ASSETCATALOG_COMPILER_GLOBAL_ACCENT_COLOR_NAME = AccentColor;
				CODE_SIGN_STYLE = Automatic;
				CURRENT_PROJECT_VERSION = 1;
				DEVELOPMENT_TEAM = 6VHXQ934TQ;
				GENERATE_INFOPLIST_FILE = YES;
				INFOPLIST_FILE = LoginApp/App/Info.plist;
				INFOPLIST_KEY_UIApplicationSupportsIndirectInputEvents = YES;
				INFOPLIST_KEY_UILaunchStoryboardName = LaunchScreen;
				INFOPLIST_KEY_UIMainStoryboardFile = Main;
				INFOPLIST_KEY_UISupportedInterfaceOrientations_iPad = "UIInterfaceOrientationPortrait UIInterfaceOrientationPortraitUpsideDown UIInterfaceOrientationLandscapeLeft UIInterfaceOrientationLandscapeRight";
				INFOPLIST_KEY_UISupportedInterfaceOrientations_iPhone = "UIInterfaceOrientationPortrait UIInterfaceOrientationLandscapeLeft UIInterfaceOrientationLandscapeRight";
				LD_RUNPATH_SEARCH_PATHS = (
					"$(inherited)",
					"@executable_path/Frameworks",
				);
				MARKETING_VERSION = 1.0;
				PRODUCT_BUNDLE_IDENTIFIER = "Igor-Privalikhin.LoginApp";
				PRODUCT_NAME = "$(TARGET_NAME)";
				SWIFT_EMIT_LOC_STRINGS = YES;
				SWIFT_VERSION = 5.0;
				TARGETED_DEVICE_FAMILY = "1,2";
			};
			name = Debug;
		};
		7FBE74B72915453200F509A5 /* Release */ = {
			isa = XCBuildConfiguration;
			buildSettings = {
				ASSETCATALOG_COMPILER_APPICON_NAME = AppIcon;
				ASSETCATALOG_COMPILER_GLOBAL_ACCENT_COLOR_NAME = AccentColor;
				CODE_SIGN_STYLE = Automatic;
				CURRENT_PROJECT_VERSION = 1;
				DEVELOPMENT_TEAM = 6VHXQ934TQ;
				GENERATE_INFOPLIST_FILE = YES;
				INFOPLIST_FILE = LoginApp/App/Info.plist;
				INFOPLIST_KEY_UIApplicationSupportsIndirectInputEvents = YES;
				INFOPLIST_KEY_UILaunchStoryboardName = LaunchScreen;
				INFOPLIST_KEY_UIMainStoryboardFile = Main;
				INFOPLIST_KEY_UISupportedInterfaceOrientations_iPad = "UIInterfaceOrientationPortrait UIInterfaceOrientationPortraitUpsideDown UIInterfaceOrientationLandscapeLeft UIInterfaceOrientationLandscapeRight";
				INFOPLIST_KEY_UISupportedInterfaceOrientations_iPhone = "UIInterfaceOrientationPortrait UIInterfaceOrientationLandscapeLeft UIInterfaceOrientationLandscapeRight";
				LD_RUNPATH_SEARCH_PATHS = (
					"$(inherited)",
					"@executable_path/Frameworks",
				);
				MARKETING_VERSION = 1.0;
				PRODUCT_BUNDLE_IDENTIFIER = "Igor-Privalikhin.LoginApp";
				PRODUCT_NAME = "$(TARGET_NAME)";
				SWIFT_EMIT_LOC_STRINGS = YES;
				SWIFT_VERSION = 5.0;
				TARGETED_DEVICE_FAMILY = "1,2";
			};
			name = Release;
		};
/* End XCBuildConfiguration section */

/* Begin XCConfigurationList section */
		7FBE749C2915453000F509A5 /* Build configuration list for PBXProject "LoginApp" */ = {
			isa = XCConfigurationList;
			buildConfigurations = (
				7FBE74B32915453200F509A5 /* Debug */,
				7FBE74B42915453200F509A5 /* Release */,
			);
			defaultConfigurationIsVisible = 0;
			defaultConfigurationName = Release;
		};
		7FBE74B52915453200F509A5 /* Build configuration list for PBXNativeTarget "LoginApp" */ = {
			isa = XCConfigurationList;
			buildConfigurations = (
				7FBE74B62915453200F509A5 /* Debug */,
				7FBE74B72915453200F509A5 /* Release */,
			);
			defaultConfigurationIsVisible = 0;
			defaultConfigurationName = Release;
		};
/* End XCConfigurationList section */
	};
	rootObject = 7FBE74992915453000F509A5 /* Project object */;
}
